
Microsoft Visual Studio Solution File, Format Version 12.00
# Visual Studio Version 16
VisualStudioVersion = 16.0.31624.102
MinimumVisualStudioVersion = 10.0.40219.1
Project("{FAE04EC0-301F-11D3-BF4B-00C04F79EFBC}") = "Oop_Abstraction", "Oop_Abstraction\Oop_Abstraction.csproj", "{F2A58441-B3E3-49E3-B969-34E4F4C72BF2}"
EndProject
Global
	GlobalSection(SolutionConfigurationPlatforms) = preSolution
		Debug|Any CPU = Debug|Any CPU
		Release|Any CPU = Release|Any CPU
	EndGlobalSection
	GlobalSection(ProjectConfigurationPlatforms) = postSolution
		{F2A58441-B3E3-49E3-B969-34E4F4C72BF2}.Debug|Any CPU.ActiveCfg = Debug|Any CPU
		{F2A58441-B3E3-49E3-B969-34E4F4C72BF2}.Debug|Any CPU.Build.0 = Debug|Any CPU
		{F2A58441-B3E3-49E3-B969-34E4F4C72BF2}.Release|Any CPU.ActiveCfg = Release|Any CPU
		{F2A58441-B3E3-49E3-B969-34E4F4C72BF2}.Release|Any CPU.Build.0 = Release|Any CPU
	EndGlobalSection
	GlobalSection(SolutionProperties) = preSolution
		HideSolutionNode = FALSE
	EndGlobalSection
	GlobalSection(ExtensibilityGlobals) = postSolution
		SolutionGuid = {C2BA8393-C4FD-49FD-B286-82E5259BA718}
	EndGlobalSection
EndGlobal
