
Microsoft Visual Studio Solution File, Format Version 12.00
# Visual Studio Version 16
VisualStudioVersion = 16.0.31624.102
MinimumVisualStudioVersion = 10.0.40219.1
Project("{FAE04EC0-301F-11D3-BF4B-00C04F79EFBC}") = "Oop_ClassEncapsulationInheritance", "Oop_ClassEncapsulationInheritance.csproj", "{ACE709D7-59E5-42CC-99A1-D6469637A6A7}"
EndProject
Global
	GlobalSection(SolutionConfigurationPlatforms) = preSolution
		Debug|Any CPU = Debug|Any CPU
		Release|Any CPU = Release|Any CPU
	EndGlobalSection
	GlobalSection(ProjectConfigurationPlatforms) = postSolution
		{ACE709D7-59E5-42CC-99A1-D6469637A6A7}.Debug|Any CPU.ActiveCfg = Debug|Any CPU
		{ACE709D7-59E5-42CC-99A1-D6469637A6A7}.Debug|Any CPU.Build.0 = Debug|Any CPU
		{ACE709D7-59E5-42CC-99A1-D6469637A6A7}.Release|Any CPU.ActiveCfg = Release|Any CPU
		{ACE709D7-59E5-42CC-99A1-D6469637A6A7}.Release|Any CPU.Build.0 = Release|Any CPU
	EndGlobalSection
	GlobalSection(SolutionProperties) = preSolution
		HideSolutionNode = FALSE
	EndGlobalSection
	GlobalSection(ExtensibilityGlobals) = postSolution
		SolutionGuid = {94387B38-7CED-4FC6-8CEB-AE4AF5505542}
	EndGlobalSection
EndGlobal
