
Microsoft Visual Studio Solution File, Format Version 12.00
# Visual Studio Version 16
VisualStudioVersion = 16.0.31624.102
MinimumVisualStudioVersion = 10.0.40219.1
Project("{FAE04EC0-301F-11D3-BF4B-00C04F79EFBC}") = "BillPayment", "BillPayment\BillPayment.csproj", "{DB3B40BD-F347-41D2-9820-C317E941E1A1}"
EndProject
Global
	GlobalSection(SolutionConfigurationPlatforms) = preSolution
		Debug|Any CPU = Debug|Any CPU
		Release|Any CPU = Release|Any CPU
	EndGlobalSection
	GlobalSection(ProjectConfigurationPlatforms) = postSolution
		{DB3B40BD-F347-41D2-9820-C317E941E1A1}.Debug|Any CPU.ActiveCfg = Debug|Any CPU
		{DB3B40BD-F347-41D2-9820-C317E941E1A1}.Debug|Any CPU.Build.0 = Debug|Any CPU
		{DB3B40BD-F347-41D2-9820-C317E941E1A1}.Release|Any CPU.ActiveCfg = Release|Any CPU
		{DB3B40BD-F347-41D2-9820-C317E941E1A1}.Release|Any CPU.Build.0 = Release|Any CPU
	EndGlobalSection
	GlobalSection(SolutionProperties) = preSolution
		HideSolutionNode = FALSE
	EndGlobalSection
	GlobalSection(ExtensibilityGlobals) = postSolution
		SolutionGuid = {B8B47939-EE06-4247-B4B3-F9570F4113E4}
	EndGlobalSection
EndGlobal
